// !$*UTF8*$!
{
	archiveVersion = 1;
	classes = {
	};
	objectVersion = 77;
	objects = {

/* Begin PBXBuildFile section */
		043A2B722C036C7C0057721E /* OrderedCollections in Frameworks */ = {isa = PBXBuildFile; productRef = 043A2B712C036C7C0057721E /* OrderedCollections */; };
		04B25FD82BA46F9C00200341 /* Algorithms in Frameworks */ = {isa = PBXBuildFile; productRef = 04B25FD72BA46F9C00200341 /* Algorithms */; };
		04B3CA8A2BA06CAC0039F76E /* SwiftSoup in Frameworks */ = {isa = PBXBuildFile; productRef = 04B3CA892BA06CAC0039F76E /* SwiftSoup */; };
		04E5DC0A2C120C4200BF1B7A /* Flow in Frameworks */ = {isa = PBXBuildFile; productRef = 04E5DC092C120C4200BF1B7A /* Flow */; };
		04E9EB462C047F19001CBBCA /* YouTubePlayerKit in Frameworks */ = {isa = PBXBuildFile; productRef = 04E9EB452C047F19001CBBCA /* YouTubePlayerKit */; };
		B53391562F13C98200DB2229 /* LRUCache in Frameworks */ = {isa = PBXBuildFile; productRef = B53391552F13C98200DB2229 /* LRUCache */; };
		B533915C2F13C9F800DB2229 /* Pow in Frameworks */ = {isa = PBXBuildFile; productRef = B533915B2F13C9F800DB2229 /* Pow */; };
		B533915E2F13C9FE00DB2229 /* Flow in Frameworks */ = {isa = PBXBuildFile; productRef = B533915D2F13C9FE00DB2229 /* Flow */; };
		B5DA45362E9D3E7F0069ECF5 /* Alamofire in Frameworks */ = {isa = PBXBuildFile; productRef = B5DA45352E9D3E7F0069ECF5 /* Alamofire */; };
		B5DA45382E9D3E8F0069ECF5 /* Defaults in Frameworks */ = {isa = PBXBuildFile; productRef = B5DA45372E9D3E8F0069ECF5 /* Defaults */; };
		B5DA453A2E9D3E9B0069ECF5 /* FactoryKit in Frameworks */ = {isa = PBXBuildFile; productRef = B5DA45392E9D3E9B0069ECF5 /* FactoryKit */; };
		B5DA45402E9D3EB90069ECF5 /* OrderedCollections in Frameworks */ = {isa = PBXBuildFile; productRef = B5DA453F2E9D3EB90069ECF5 /* OrderedCollections */; };
		B5DA45422E9D3EB90069ECF5 /* Kingfisher in Frameworks */ = {isa = PBXBuildFile; productRef = B5DA45412E9D3EB90069ECF5 /* Kingfisher */; };
		B5DA45442E9D3ECE0069ECF5 /* SwiftSoup in Frameworks */ = {isa = PBXBuildFile; productRef = B5DA45432E9D3ECE0069ECF5 /* SwiftSoup */; };
		DE188EE52CA6AB3100E7B1AE /* Pow in Frameworks */ = {isa = PBXBuildFile; productRef = DE188EE42CA6AB3100E7B1AE /* Pow */; };
		DE2D67382DC3D5E900A9187C /* LicensesList in Frameworks */ = {isa = PBXBuildFile; productRef = DE2D67372DC3D5E900A9187C /* LicensesList */; };
		DE3DCCE62DFB92050062CF81 /* SwiftFormat in Frameworks */ = {isa = PBXBuildFile; productRef = DE3DCCE52DFB92050062CF81 /* SwiftFormat */; };
		DE3EF0392CFF04CA0022C311 /* Alamofire in Frameworks */ = {isa = PBXBuildFile; productRef = DE3EF0382CFF04CA0022C311 /* Alamofire */; };
		DE4AD63E2EAA4A7200CE7AB3 /* Kingfisher in Frameworks */ = {isa = PBXBuildFile; productRef = DE4AD63D2EAA4A7200CE7AB3 /* Kingfisher */; };
		DE7608DA2EB4231600C4A23E /* LRUCache in Frameworks */ = {isa = PBXBuildFile; productRef = DE7608D92EB4231600C4A23E /* LRUCache */; };
		DEB035B52C89E1DB004ABFA1 /* FirebaseAnalytics in Frameworks */ = {isa = PBXBuildFile; productRef = DEB035B42C89E1DB004ABFA1 /* FirebaseAnalytics */; };
		DEB035B72C89E1DB004ABFA1 /* FirebaseCrashlytics in Frameworks */ = {isa = PBXBuildFile; productRef = DEB035B62C89E1DB004ABFA1 /* FirebaseCrashlytics */; };
		DEB035BA2C89E57A004ABFA1 /* Defaults in Frameworks */ = {isa = PBXBuildFile; productRef = DEB035B92C89E57A004ABFA1 /* Defaults */; };
		DEE64D0B2C8869D0002C2F2F /* Sparkle in Frameworks */ = {isa = PBXBuildFile; platformFilters = (macos, ); productRef = DEE64D0A2C8869D0002C2F2F /* Sparkle */; };
		DEF920382DD5CAF20087C32C /* FactoryKit in Frameworks */ = {isa = PBXBuildFile; productRef = DEF920372DD5CAF20087C32C /* FactoryKit */; };
/* End PBXBuildFile section */

/* Begin PBXContainerItemProxy section */
		B5DA44672E9D3B750069ECF5 /* PBXContainerItemProxy */ = {
			isa = PBXContainerItemProxy;
			containerPortal = 04B3CA6C2BA06C9C0039F76E /* Project object */;
			proxyType = 1;
			remoteGlobalIDString = B5DA44572E9D3B6E0069ECF5;
			remoteInfo = RezkaTV;
		};
		B5DA44712E9D3B750069ECF5 /* PBXContainerItemProxy */ = {
			isa = PBXContainerItemProxy;
			containerPortal = 04B3CA6C2BA06C9C0039F76E /* Project object */;
			proxyType = 1;
			remoteGlobalIDString = B5DA44572E9D3B6E0069ECF5;
			remoteInfo = RezkaTV;
		};
/* End PBXContainerItemProxy section */

/* Begin PBXFileReference section */
		04B3CA742BA06C9C0039F76E /* HDrezka.app */ = {isa = PBXFileReference; explicitFileType = wrapper.application; includeInIndex = 0; path = HDrezka.app; sourceTree = BUILT_PRODUCTS_DIR; };
		B5DA44582E9D3B6E0069ECF5 /* RezkaTV.app */ = {isa = PBXFileReference; explicitFileType = wrapper.application; includeInIndex = 0; path = RezkaTV.app; sourceTree = BUILT_PRODUCTS_DIR; };
		B5DA44662E9D3B750069ECF5 /* RezkaTVTests.xctest */ = {isa = PBXFileReference; explicitFileType = wrapper.cfbundle; includeInIndex = 0; path = RezkaTVTests.xctest; sourceTree = BUILT_PRODUCTS_DIR; };
		B5DA44702E9D3B750069ECF5 /* RezkaTVUITests.xctest */ = {isa = PBXFileReference; explicitFileType = wrapper.cfbundle; includeInIndex = 0; path = RezkaTVUITests.xctest; sourceTree = BUILT_PRODUCTS_DIR; };
		DE2D67352DC3D13700A9187C /* LicensesList */ = {isa = PBXFileReference; lastKnownFileType = wrapper; path = LicensesList; sourceTree = "<group>"; };
/* End PBXFileReference section */

/* Begin PBXFileSystemSynchronizedBuildFileExceptionSet section */
		B5DA44822E9D3C2F0069ECF5 /* Exceptions for "HDrezka" folder in "RezkaTV" target */ = {
			isa = PBXFileSystemSynchronizedBuildFileExceptionSet;
			membershipExceptions = (
				iOS/Core/AppState.swift,
				iOS/Core/Const.swift,
				iOS/Core/Container.swift,
				iOS/Core/Defaults.swift,
				iOS/Core/Downloader.swift,
				iOS/Domain/Entities/Download.swift,
				iOS/Domain/Entities/DownloadData.swift,
				iOS/Domain/Entities/ExternalPlayers.swift,
				iOS/HDrezkaApp.swift,
				iOS/Presentations/BookmarksView.swift,
				iOS/Presentations/CategoriesView.swift,
				iOS/Presentations/CollectionsView.swift,
				iOS/Presentations/CommentsView.swift,
				iOS/Presentations/Components/Cards/CardView.swift,
				iOS/Presentations/Components/Cards/CollectionCardView.swift,
				iOS/Presentations/Components/Cards/WatchingLaterCardView.swift,
				iOS/Presentations/Components/DownloadsView.swift,
				iOS/Presentations/Components/EmptyStateView.swift,
				iOS/Presentations/Components/ErrorPaginationStateView.swift,
				iOS/Presentations/Components/ErrorStateView.swift,
				iOS/Presentations/Components/ImageView.swift,
				iOS/Presentations/Components/LicensesView.swift,
				iOS/Presentations/Components/LoadingPaginationStateView.swift,
				iOS/Presentations/Components/LoadingStateView.swift,
				iOS/Presentations/Components/OnPressButtonStyle.swift,
				iOS/Presentations/Components/OrientationView.swift,
				iOS/Presentations/Components/Player/CustomAVPlayer.swift,
				iOS/Presentations/Components/Player/PlayerView.swift,
				iOS/Presentations/Components/Player/SliderWithoutText.swift,
				iOS/Presentations/Components/Player/SliderWithText.swift,
				iOS/Presentations/Components/SettingsView.swift,
				iOS/Presentations/Components/Sheets/BookmarksSheetView.swift,
				iOS/Presentations/Components/Sheets/CommentReportSheet.swift,
				iOS/Presentations/Components/Sheets/CommentsRulesSheet.swift,
				iOS/Presentations/Components/Sheets/CreateBookmarkSheetView.swift,
				iOS/Presentations/Components/Sheets/DowloadSheetView.swift,
				iOS/Presentations/Components/Sheets/OpenExternalPlayerSheetView.swift,
				iOS/Presentations/Components/Sheets/RenameBookmarkSheetView.swift,
				iOS/Presentations/Components/Sheets/RestoreSheetView.swift,
				iOS/Presentations/Components/Sheets/ScheduleSheetView.swift,
				iOS/Presentations/Components/Sheets/SeriesUpdatesSheetView.swift,
				iOS/Presentations/Components/Sheets/SignInSheetView.swift,
				iOS/Presentations/Components/Sheets/SignUpSheetView.swift,
				iOS/Presentations/Components/Sheets/WatchSheetView.swift,
				iOS/Presentations/Components/SnowflakesView.swift,
				iOS/Presentations/Components/SpoilerView.swift,
				iOS/Presentations/ContentView.swift,
				iOS/Presentations/DetailsView.swift,
				iOS/Presentations/HomeView.swift,
				iOS/Presentations/ListView.swift,
				iOS/Presentations/PersonView.swift,
				iOS/Presentations/ProfileView.swift,
				iOS/Presentations/SearchView.swift,
				iOS/Presentations/WatchingLaterView.swift,
				iOS/Resources/Assets.xcassets,
				iOS/Resources/Info.plist,
				iOS/Resources/InfoPlist.xcstrings,
				"iOS/Resources/Launch Screen.storyboard",
				iOS/Utils/RemoveBackgroundImageProcessor.swift,
				macOS/Core/AppState.swift,
				macOS/Core/Const.swift,
				macOS/Core/Container.swift,
				macOS/Core/Defaults.swift,
				macOS/Core/Downloader.swift,
				macOS/Data/Network/Aria2Service.swift,
				macOS/Data/Repositories/Aria2RepositoryImpl.swift,
				macOS/Domain/Entities/Aria2.swift,
				macOS/Domain/Entities/Download.swift,
				macOS/Domain/Entities/DownloadData.swift,
				macOS/Domain/Entities/ExternalDownloaders.swift,
				macOS/Domain/Entities/ExternalPlayers.swift,
				macOS/Domain/Entities/UpdateInterval.swift,
				macOS/Domain/Repositories/Aria2Repository.swift,
				macOS/Domain/UseCases/Aria2/CallUseCase.swift,
				macOS/Domain/UseCases/Aria2/MulticallUseCase.swift,
				macOS/HDrezkaApp.swift,
				macOS/Presentations/BookmarksView.swift,
				macOS/Presentations/CategoriesView.swift,
				macOS/Presentations/CollectionsView.swift,
				macOS/Presentations/CommentsView.swift,
				macOS/Presentations/Components/Cards/CardView.swift,
				macOS/Presentations/Components/Cards/CollectionCardView.swift,
				macOS/Presentations/Components/Cards/WatchingLaterCardView.swift,
				macOS/Presentations/Components/DownloadsView.swift,
				macOS/Presentations/Components/EmptyStateView.swift,
				macOS/Presentations/Components/ErrorPaginationStateView.swift,
				macOS/Presentations/Components/ErrorStateView.swift,
				macOS/Presentations/Components/ImageView.swift,
				macOS/Presentations/Components/LicensesView.swift,
				macOS/Presentations/Components/LoadingPaginationStateView.swift,
				macOS/Presentations/Components/LoadingStateView.swift,
				macOS/Presentations/Components/OnPressButtonStyle.swift,
				macOS/Presentations/Components/Player/CustomAVPlayer.swift,
				macOS/Presentations/Components/Player/PlayerView.swift,
				macOS/Presentations/Components/Player/SliderWithoutText.swift,
				macOS/Presentations/Components/Player/SliderWithText.swift,
				macOS/Presentations/Components/SettingsView.swift,
				macOS/Presentations/Components/Sheets/BookmarksSheetView.swift,
				macOS/Presentations/Components/Sheets/CommentReportSheet.swift,
				macOS/Presentations/Components/Sheets/CommentsRulesSheet.swift,
				macOS/Presentations/Components/Sheets/CreateBookmarkSheetView.swift,
				macOS/Presentations/Components/Sheets/DownloadSheetView.swift,
				macOS/Presentations/Components/Sheets/OpenExternalPlayerSheetView.swift,
				macOS/Presentations/Components/Sheets/RenameBookmarkSheetView.swift,
				macOS/Presentations/Components/Sheets/RestoreSheetView.swift,
				macOS/Presentations/Components/Sheets/ScheduleSheetView.swift,
				macOS/Presentations/Components/Sheets/SeriesUpdatesSheetView.swift,
				macOS/Presentations/Components/Sheets/SignInSheetView.swift,
				macOS/Presentations/Components/Sheets/SignUpSheetView.swift,
				macOS/Presentations/Components/Sheets/WatchSheetView.swift,
				macOS/Presentations/Components/SnowflakesView.swift,
				macOS/Presentations/Components/SpoilerView.swift,
				macOS/Presentations/Components/UpdateButton.swift,
				macOS/Presentations/ContentView.swift,
				macOS/Presentations/DetailsView.swift,
				macOS/Presentations/HomeView.swift,
				macOS/Presentations/ListView.swift,
				macOS/Presentations/PersonView.swift,
				macOS/Presentations/SearchView.swift,
				macOS/Presentations/WatchingLaterView.swift,
				"macOS/Resources/aria2c-arm64",
				"macOS/Resources/aria2c-x86_64",
				macOS/Resources/Assets.xcassets,
				macOS/Resources/Info.plist,
				macOS/Utils/NSImage.swift,
				macOS/Utils/RemoveBackgroundImageProcessor.swift,
				macOS/Utils/WindowAccessor.swift,
				Shared/Domain/Entities/BookmarkFilters.swift,
				Shared/Domain/Entities/Cache.swift,
				Shared/Domain/Entities/DefaultQuality.swift,
				Shared/Domain/Entities/Filters.swift,
				Shared/Domain/Entities/Genres.swift,
				Shared/Domain/Entities/NewFilters.swift,
				Shared/Domain/Entities/SpatialAudio.swift,
				Shared/Domain/Entities/Theme.swift,
				Shared/Resources/HDrezka.icon,
				Shared/Resources/Localizable.xcstrings,
				Shared/Utils/Zoomable.swift,
			);
			target = B5DA44572E9D3B6E0069ECF5 /* RezkaTV */;
		};
		DE8580E32E9D2B3800EFD65D /* Exceptions for "HDrezka" folder in "HDrezka" target */ = {
			isa = PBXFileSystemSynchronizedBuildFileExceptionSet;
			membershipExceptions = (
				iOS/Resources/Info.plist,
				macOS/Resources/Info.plist,
			);
			platformFiltersByRelativePath = {
				iOS/Core/AppState.swift = (ios, );
				iOS/Core/Const.swift = (ios, );
				iOS/Core/Container.swift = (ios, );
				iOS/Core/Defaults.swift = (ios, );
				iOS/Core/Downloader.swift = (ios, );
				iOS/Domain/Entities/Download.swift = (ios, );
				iOS/Domain/Entities/DownloadData.swift = (ios, );
				iOS/Domain/Entities/ExternalPlayers.swift = (ios, );
				iOS/HDrezkaApp.swift = (ios, );
				iOS/Presentations/BookmarksView.swift = (ios, );
				iOS/Presentations/CategoriesView.swift = (ios, );
				iOS/Presentations/CollectionsView.swift = (ios, );
				iOS/Presentations/CommentsView.swift = (ios, );
				iOS/Presentations/Components/Cards/CardView.swift = (ios, );
				iOS/Presentations/Components/Cards/CollectionCardView.swift = (ios, );
				iOS/Presentations/Components/Cards/WatchingLaterCardView.swift = (ios, );
				iOS/Presentations/Components/DownloadsView.swift = (ios, );
				iOS/Presentations/Components/EmptyStateView.swift = (ios, );
				iOS/Presentations/Components/ErrorPaginationStateView.swift = (ios, );
				iOS/Presentations/Components/ErrorStateView.swift = (ios, );
				iOS/Presentations/Components/ImageView.swift = (ios, );
				iOS/Presentations/Components/LicensesView.swift = (ios, );
				iOS/Presentations/Components/LoadingPaginationStateView.swift = (ios, );
				iOS/Presentations/Components/LoadingStateView.swift = (ios, );
				iOS/Presentations/Components/OnPressButtonStyle.swift = (ios, );
				iOS/Presentations/Components/OrientationView.swift = (ios, );
				iOS/Presentations/Components/Player/CustomAVPlayer.swift = (ios, );
				iOS/Presentations/Components/Player/PlayerView.swift = (ios, );
				iOS/Presentations/Components/Player/SliderWithText.swift = (ios, );
				iOS/Presentations/Components/Player/SliderWithoutText.swift = (ios, );
				iOS/Presentations/Components/SettingsView.swift = (ios, );
				iOS/Presentations/Components/Sheets/BookmarksSheetView.swift = (ios, );
				iOS/Presentations/Components/Sheets/CommentReportSheet.swift = (ios, );
				iOS/Presentations/Components/Sheets/CommentsRulesSheet.swift = (ios, );
				iOS/Presentations/Components/Sheets/CreateBookmarkSheetView.swift = (ios, );
				iOS/Presentations/Components/Sheets/DowloadSheetView.swift = (ios, );
				iOS/Presentations/Components/Sheets/OpenExternalPlayerSheetView.swift = (ios, );
				iOS/Presentations/Components/Sheets/RenameBookmarkSheetView.swift = (ios, );
				iOS/Presentations/Components/Sheets/RestoreSheetView.swift = (ios, );
				iOS/Presentations/Components/Sheets/ScheduleSheetView.swift = (ios, );
				iOS/Presentations/Components/Sheets/SeriesUpdatesSheetView.swift = (ios, );
				iOS/Presentations/Components/Sheets/SignInSheetView.swift = (ios, );
				iOS/Presentations/Components/Sheets/SignUpSheetView.swift = (ios, );
				iOS/Presentations/Components/Sheets/WatchSheetView.swift = (ios, );
				iOS/Presentations/Components/SnowflakesView.swift = (ios, );
				iOS/Presentations/Components/SpoilerView.swift = (ios, );
				iOS/Presentations/ContentView.swift = (ios, );
				iOS/Presentations/DetailsView.swift = (ios, );
				iOS/Presentations/HomeView.swift = (ios, );
				iOS/Presentations/ListView.swift = (ios, );
				iOS/Presentations/PersonView.swift = (ios, );
				iOS/Presentations/ProfileView.swift = (ios, );
				iOS/Presentations/SearchView.swift = (ios, );
				iOS/Presentations/WatchingLaterView.swift = (ios, );
				iOS/Resources/Assets.xcassets = (ios, );
				iOS/Resources/InfoPlist.xcstrings = (ios, );
				"iOS/Resources/Launch Screen.storyboard" = (ios, );
				iOS/Utils/RemoveBackgroundImageProcessor.swift = (ios, );
				macOS/Core/AppState.swift = (macos, );
				macOS/Core/Const.swift = (macos, );
				macOS/Core/Container.swift = (macos, );
				macOS/Core/Defaults.swift = (macos, );
				macOS/Core/Downloader.swift = (macos, );
				macOS/Data/Network/Aria2Service.swift = (macos, );
				macOS/Data/Repositories/Aria2RepositoryImpl.swift = (macos, );
				macOS/Domain/Entities/Aria2.swift = (macos, );
				macOS/Domain/Entities/Download.swift = (macos, );
				macOS/Domain/Entities/DownloadData.swift = (macos, );
				macOS/Domain/Entities/ExternalDownloaders.swift = (macos, );
				macOS/Domain/Entities/ExternalPlayers.swift = (macos, );
				macOS/Domain/Entities/UpdateInterval.swift = (macos, );
				macOS/Domain/Repositories/Aria2Repository.swift = (macos, );
				macOS/Domain/UseCases/Aria2/CallUseCase.swift = (macos, );
				macOS/Domain/UseCases/Aria2/MulticallUseCase.swift = (macos, );
				macOS/HDrezkaApp.swift = (macos, );
				macOS/Presentations/BookmarksView.swift = (macos, );
				macOS/Presentations/CategoriesView.swift = (macos, );
				macOS/Presentations/CollectionsView.swift = (macos, );
				macOS/Presentations/CommentsView.swift = (macos, );
				macOS/Presentations/Components/Cards/CardView.swift = (macos, );
				macOS/Presentations/Components/Cards/CollectionCardView.swift = (macos, );
				macOS/Presentations/Components/Cards/WatchingLaterCardView.swift = (macos, );
				macOS/Presentations/Components/DownloadsView.swift = (macos, );
				macOS/Presentations/Components/EmptyStateView.swift = (macos, );
				macOS/Presentations/Components/ErrorPaginationStateView.swift = (macos, );
				macOS/Presentations/Components/ErrorStateView.swift = (macos, );
				macOS/Presentations/Components/ImageView.swift = (macos, );
				macOS/Presentations/Components/LicensesView.swift = (macos, );
				macOS/Presentations/Components/LoadingPaginationStateView.swift = (macos, );
				macOS/Presentations/Components/LoadingStateView.swift = (macos, );
				macOS/Presentations/Components/OnPressButtonStyle.swift = (macos, );
				macOS/Presentations/Components/Player/CustomAVPlayer.swift = (macos, );
				macOS/Presentations/Components/Player/PlayerView.swift = (macos, );
				macOS/Presentations/Components/Player/SliderWithText.swift = (macos, );
				macOS/Presentations/Components/Player/SliderWithoutText.swift = (macos, );
				macOS/Presentations/Components/SettingsView.swift = (macos, );
				macOS/Presentations/Components/Sheets/BookmarksSheetView.swift = (macos, );
				macOS/Presentations/Components/Sheets/CommentReportSheet.swift = (macos, );
				macOS/Presentations/Components/Sheets/CommentsRulesSheet.swift = (macos, );
				macOS/Presentations/Components/Sheets/CreateBookmarkSheetView.swift = (macos, );
				macOS/Presentations/Components/Sheets/DownloadSheetView.swift = (macos, );
				macOS/Presentations/Components/Sheets/OpenExternalPlayerSheetView.swift = (macos, );
				macOS/Presentations/Components/Sheets/RenameBookmarkSheetView.swift = (macos, );
				macOS/Presentations/Components/Sheets/RestoreSheetView.swift = (macos, );
				macOS/Presentations/Components/Sheets/ScheduleSheetView.swift = (macos, );
				macOS/Presentations/Components/Sheets/SeriesUpdatesSheetView.swift = (macos, );
				macOS/Presentations/Components/Sheets/SignInSheetView.swift = (macos, );
				macOS/Presentations/Components/Sheets/SignUpSheetView.swift = (macos, );
				macOS/Presentations/Components/Sheets/WatchSheetView.swift = (macos, );
				macOS/Presentations/Components/SnowflakesView.swift = (macos, );
				macOS/Presentations/Components/SpoilerView.swift = (macos, );
				macOS/Presentations/Components/UpdateButton.swift = (macos, );
				macOS/Presentations/ContentView.swift = (macos, );
				macOS/Presentations/DetailsView.swift = (macos, );
				macOS/Presentations/HomeView.swift = (macos, );
				macOS/Presentations/ListView.swift = (macos, );
				macOS/Presentations/PersonView.swift = (macos, );
				macOS/Presentations/SearchView.swift = (macos, );
				macOS/Presentations/WatchingLaterView.swift = (macos, );
				macOS/Resources/Assets.xcassets = (macos, );
				"macOS/Resources/aria2c-arm64" = (macos, );
				"macOS/Resources/aria2c-x86_64" = (macos, );
				macOS/Utils/NSImage.swift = (macos, );
				macOS/Utils/RemoveBackgroundImageProcessor.swift = (macos, );
				macOS/Utils/WindowAccessor.swift = (macos, );
			};
			target = 04B3CA732BA06C9C0039F76E /* HDrezka */;
		};
/* End PBXFileSystemSynchronizedBuildFileExceptionSet section */

/* Begin PBXFileSystemSynchronizedRootGroup section */
		B5DA44592E9D3B6E0069ECF5 /* RezkaTV */ = {
			isa = PBXFileSystemSynchronizedRootGroup;
			path = RezkaTV;
			sourceTree = "<group>";
		};
		B5DA44692E9D3B750069ECF5 /* RezkaTVTests */ = {
			isa = PBXFileSystemSynchronizedRootGroup;
			path = RezkaTVTests;
			sourceTree = "<group>";
		};
		B5DA44732E9D3B750069ECF5 /* RezkaTVUITests */ = {
			isa = PBXFileSystemSynchronizedRootGroup;
			path = RezkaTVUITests;
			sourceTree = "<group>";
		};
		DE92A9F62E9D275B00252B87 /* HDrezka */ = {
			isa = PBXFileSystemSynchronizedRootGroup;
			exceptions = (
				DE8580E32E9D2B3800EFD65D /* Exceptions for "HDrezka" folder in "HDrezka" target */,
				B5DA44822E9D3C2F0069ECF5 /* Exceptions for "HDrezka" folder in "RezkaTV" target */,
			);
			path = HDrezka;
			sourceTree = "<group>";
		};
/* End PBXFileSystemSynchronizedRootGroup section */

/* Begin PBXFrameworksBuildPhase section */
		04B3CA712BA06C9C0039F76E /* Frameworks */ = {
			isa = PBXFrameworksBuildPhase;
			buildActionMask = 2147483647;
			files = (
				DEB035BA2C89E57A004ABFA1 /* Defaults in Frameworks */,
				DE3DCCE62DFB92050062CF81 /* SwiftFormat in Frameworks */,
				043A2B722C036C7C0057721E /* OrderedCollections in Frameworks */,
				04E9EB462C047F19001CBBCA /* YouTubePlayerKit in Frameworks */,
				04B25FD82BA46F9C00200341 /* Algorithms in Frameworks */,
				DEB035B52C89E1DB004ABFA1 /* FirebaseAnalytics in Frameworks */,
				04B3CA8A2BA06CAC0039F76E /* SwiftSoup in Frameworks */,
				DE3EF0392CFF04CA0022C311 /* Alamofire in Frameworks */,
				DEE64D0B2C8869D0002C2F2F /* Sparkle in Frameworks */,
				DE4AD63E2EAA4A7200CE7AB3 /* Kingfisher in Frameworks */,
				DE188EE52CA6AB3100E7B1AE /* Pow in Frameworks */,
				04E5DC0A2C120C4200BF1B7A /* Flow in Frameworks */,
				DEF920382DD5CAF20087C32C /* FactoryKit in Frameworks */,
				DEB035B72C89E1DB004ABFA1 /* FirebaseCrashlytics in Frameworks */,
				DE2D67382DC3D5E900A9187C /* LicensesList in Frameworks */,
				DE7608DA2EB4231600C4A23E /* LRUCache in Frameworks */,
			);
			runOnlyForDeploymentPostprocessing = 0;
		};
		B5DA44552E9D3B6E0069ECF5 /* Frameworks */ = {
			isa = PBXFrameworksBuildPhase;
			buildActionMask = 2147483647;
			files = (
				B5DA45382E9D3E8F0069ECF5 /* Defaults in Frameworks */,
				B533915E2F13C9FE00DB2229 /* Flow in Frameworks */,
				B5DA453A2E9D3E9B0069ECF5 /* FactoryKit in Frameworks */,
				B5DA45422E9D3EB90069ECF5 /* Kingfisher in Frameworks */,
				B5DA45402E9D3EB90069ECF5 /* OrderedCollections in Frameworks */,
				B533915C2F13C9F800DB2229 /* Pow in Frameworks */,
				B5DA45362E9D3E7F0069ECF5 /* Alamofire in Frameworks */,
				B5DA45442E9D3ECE0069ECF5 /* SwiftSoup in Frameworks */,
				B53391562F13C98200DB2229 /* LRUCache in Frameworks */,
			);
			runOnlyForDeploymentPostprocessing = 0;
		};
		B5DA44632E9D3B750069ECF5 /* Frameworks */ = {
			isa = PBXFrameworksBuildPhase;
			buildActionMask = 2147483647;
			files = (
			);
			runOnlyForDeploymentPostprocessing = 0;
		};
		B5DA446D2E9D3B750069ECF5 /* Frameworks */ = {
			isa = PBXFrameworksBuildPhase;
			buildActionMask = 2147483647;
			files = (
			);
			runOnlyForDeploymentPostprocessing = 0;
		};
/* End PBXFrameworksBuildPhase section */

/* Begin PBXGroup section */
		04B3CA6B2BA06C9C0039F76E = {
			isa = PBXGroup;
			children = (
				DE2D67352DC3D13700A9187C /* LicensesList */,
				DE92A9F62E9D275B00252B87 /* HDrezka */,
				B5DA44592E9D3B6E0069ECF5 /* RezkaTV */,
				B5DA44692E9D3B750069ECF5 /* RezkaTVTests */,
				B5DA44732E9D3B750069ECF5 /* RezkaTVUITests */,
				B53391542F13C98200DB2229 /* Frameworks */,
				04B3CA752BA06C9C0039F76E /* Products */,
			);
			sourceTree = "<group>";
		};
		04B3CA752BA06C9C0039F76E /* Products */ = {
			isa = PBXGroup;
			children = (
				04B3CA742BA06C9C0039F76E /* HDrezka.app */,
				B5DA44582E9D3B6E0069ECF5 /* RezkaTV.app */,
				B5DA44662E9D3B750069ECF5 /* RezkaTVTests.xctest */,
				B5DA44702E9D3B750069ECF5 /* RezkaTVUITests.xctest */,
			);
			name = Products;
			sourceTree = "<group>";
		};
		B53391542F13C98200DB2229 /* Frameworks */ = {
			isa = PBXGroup;
			children = (
			);
			name = Frameworks;
			sourceTree = "<group>";
		};
/* End PBXGroup section */

/* Begin PBXNativeTarget section */
		04B3CA732BA06C9C0039F76E /* HDrezka */ = {
			isa = PBXNativeTarget;
			buildConfigurationList = 04B3CA852BA06C9D0039F76E /* Build configuration list for PBXNativeTarget "HDrezka" */;
			buildPhases = (
				DE40DA882DFB8C9000A2B190 /* ShellScript */,
				04B3CA702BA06C9C0039F76E /* Sources */,
				04B3CA712BA06C9C0039F76E /* Frameworks */,
				04B3CA722BA06C9C0039F76E /* Resources */,
				0420A1212BE3ECAC00975EC4 /* Run Script */,
			);
			buildRules = (
			);
			dependencies = (
			);
			fileSystemSynchronizedGroups = (
				DE92A9F62E9D275B00252B87 /* HDrezka */,
			);
			name = HDrezka;
			packageProductDependencies = (
				04B3CA892BA06CAC0039F76E /* SwiftSoup */,
				04B25FD72BA46F9C00200341 /* Algorithms */,
				043A2B712C036C7C0057721E /* OrderedCollections */,
				04E9EB452C047F19001CBBCA /* YouTubePlayerKit */,
				04E5DC092C120C4200BF1B7A /* Flow */,
				DEE64D0A2C8869D0002C2F2F /* Sparkle */,
				DEB035B42C89E1DB004ABFA1 /* FirebaseAnalytics */,
				DEB035B62C89E1DB004ABFA1 /* FirebaseCrashlytics */,
				DEB035B92C89E57A004ABFA1 /* Defaults */,
				DE188EE42CA6AB3100E7B1AE /* Pow */,
				DE3EF0382CFF04CA0022C311 /* Alamofire */,
				DE2D67372DC3D5E900A9187C /* LicensesList */,
				DEF920372DD5CAF20087C32C /* FactoryKit */,
				DE3DCCE52DFB92050062CF81 /* SwiftFormat */,
				DE4AD63D2EAA4A7200CE7AB3 /* Kingfisher */,
				DE7608D92EB4231600C4A23E /* LRUCache */,
			);
			productName = HDRezka;
			productReference = 04B3CA742BA06C9C0039F76E /* HDrezka.app */;
			productType = "com.apple.product-type.application";
		};
		B5DA44572E9D3B6E0069ECF5 /* RezkaTV */ = {
			isa = PBXNativeTarget;
			buildConfigurationList = B5DA44782E9D3B750069ECF5 /* Build configuration list for PBXNativeTarget "RezkaTV" */;
			buildPhases = (
				B5DA44542E9D3B6E0069ECF5 /* Sources */,
				B5DA44552E9D3B6E0069ECF5 /* Frameworks */,
				B5DA44562E9D3B6E0069ECF5 /* Resources */,
			);
			buildRules = (
			);
			dependencies = (
			);
			fileSystemSynchronizedGroups = (
				B5DA44592E9D3B6E0069ECF5 /* RezkaTV */,
				DE92A9F62E9D275B00252B87 /* HDrezka */,
			);
			name = RezkaTV;
			packageProductDependencies = (
				B5DA45352E9D3E7F0069ECF5 /* Alamofire */,
				B5DA45372E9D3E8F0069ECF5 /* Defaults */,
				B5DA45392E9D3E9B0069ECF5 /* FactoryKit */,
				B5DA453F2E9D3EB90069ECF5 /* OrderedCollections */,
				B5DA45412E9D3EB90069ECF5 /* Kingfisher */,
				B5DA45432E9D3ECE0069ECF5 /* SwiftSoup */,
				B53391552F13C98200DB2229 /* LRUCache */,
				B533915B2F13C9F800DB2229 /* Pow */,
				B533915D2F13C9FE00DB2229 /* Flow */,
			);
			productName = RezkaTV;
			productReference = B5DA44582E9D3B6E0069ECF5 /* RezkaTV.app */;
			productType = "com.apple.product-type.application";
		};
		B5DA44652E9D3B750069ECF5 /* RezkaTVTests */ = {
			isa = PBXNativeTarget;
			buildConfigurationList = B5DA447B2E9D3B750069ECF5 /* Build configuration list for PBXNativeTarget "RezkaTVTests" */;
			buildPhases = (
				B5DA44622E9D3B750069ECF5 /* Sources */,
				B5DA44632E9D3B750069ECF5 /* Frameworks */,
				B5DA44642E9D3B750069ECF5 /* Resources */,
			);
			buildRules = (
			);
			dependencies = (
				B5DA44682E9D3B750069ECF5 /* PBXTargetDependency */,
			);
			fileSystemSynchronizedGroups = (
				B5DA44692E9D3B750069ECF5 /* RezkaTVTests */,
			);
			name = RezkaTVTests;
			packageProductDependencies = (
			);
			productName = RezkaTVTests;
			productReference = B5DA44662E9D3B750069ECF5 /* RezkaTVTests.xctest */;
			productType = "com.apple.product-type.bundle.unit-test";
		};
		B5DA446F2E9D3B750069ECF5 /* RezkaTVUITests */ = {
			isa = PBXNativeTarget;
			buildConfigurationList = B5DA447E2E9D3B750069ECF5 /* Build configuration list for PBXNativeTarget "RezkaTVUITests" */;
			buildPhases = (
				B5DA446C2E9D3B750069ECF5 /* Sources */,
				B5DA446D2E9D3B750069ECF5 /* Frameworks */,
				B5DA446E2E9D3B750069ECF5 /* Resources */,
			);
			buildRules = (
			);
			dependencies = (
				B5DA44722E9D3B750069ECF5 /* PBXTargetDependency */,
			);
			fileSystemSynchronizedGroups = (
				B5DA44732E9D3B750069ECF5 /* RezkaTVUITests */,
			);
			name = RezkaTVUITests;
			packageProductDependencies = (
			);
			productName = RezkaTVUITests;
			productReference = B5DA44702E9D3B750069ECF5 /* RezkaTVUITests.xctest */;
			productType = "com.apple.product-type.bundle.ui-testing";
		};
/* End PBXNativeTarget section */

/* Begin PBXProject section */
		04B3CA6C2BA06C9C0039F76E /* Project object */ = {
			isa = PBXProject;
			attributes = {
				BuildIndependentTargetsInParallel = 1;
				LastSwiftUpdateCheck = 1530;
				LastUpgradeCheck = 2610;
				TargetAttributes = {
					04B3CA732BA06C9C0039F76E = {
						CreatedOnToolsVersion = 15.3;
					};
					B5DA44572E9D3B6E0069ECF5 = {
						CreatedOnToolsVersion = 26.0;
					};
					B5DA44652E9D3B750069ECF5 = {
						CreatedOnToolsVersion = 26.0;
						TestTargetID = B5DA44572E9D3B6E0069ECF5;
					};
					B5DA446F2E9D3B750069ECF5 = {
						CreatedOnToolsVersion = 26.0;
						TestTargetID = B5DA44572E9D3B6E0069ECF5;
					};
				};
			};
			buildConfigurationList = 04B3CA6F2BA06C9C0039F76E /* Build configuration list for PBXProject "HDrezka" */;
			developmentRegion = en;
			hasScannedForEncodings = 0;
			knownRegions = (
				en,
				uk,
				ru,
				Base,
			);
			mainGroup = 04B3CA6B2BA06C9C0039F76E;
			packageReferences = (
				04B3CA882BA06CAC0039F76E /* XCRemoteSwiftPackageReference "SwiftSoup" */,
				04B25FD62BA46F9C00200341 /* XCRemoteSwiftPackageReference "swift-algorithms" */,
				043A2B702C036C7C0057721E /* XCRemoteSwiftPackageReference "swift-collections" */,
				04E9EB442C047F19001CBBCA /* XCRemoteSwiftPackageReference "YouTubePlayerKit" */,
				04E5DC082C120C4200BF1B7A /* XCRemoteSwiftPackageReference "SwiftUI-Flow" */,
				DEE64D092C8869D0002C2F2F /* XCRemoteSwiftPackageReference "Sparkle" */,
				DEB035B32C89E1DB004ABFA1 /* XCRemoteSwiftPackageReference "firebase-ios-sdk" */,
				DEB035B82C89E57A004ABFA1 /* XCRemoteSwiftPackageReference "Defaults" */,
				DE188EE32CA6AB3100E7B1AE /* XCRemoteSwiftPackageReference "Pow" */,
				DE3EF0372CFF04CA0022C311 /* XCRemoteSwiftPackageReference "Alamofire" */,
				DEF920362DD5CAF20087C32C /* XCRemoteSwiftPackageReference "Factory" */,
				DE3DCCE42DFB92050062CF81 /* XCRemoteSwiftPackageReference "SwiftFormat" */,
				DE4AD63C2EAA4A7200CE7AB3 /* XCRemoteSwiftPackageReference "Kingfisher" */,
				DE7608D82EB4231600C4A23E /* XCRemoteSwiftPackageReference "LRUCache" */,
			);
			preferredProjectObjectVersion = 77;
			productRefGroup = 04B3CA752BA06C9C0039F76E /* Products */;
			projectDirPath = "";
			projectRoot = "";
			targets = (
				04B3CA732BA06C9C0039F76E /* HDrezka */,
				B5DA44572E9D3B6E0069ECF5 /* RezkaTV */,
				B5DA44652E9D3B750069ECF5 /* RezkaTVTests */,
				B5DA446F2E9D3B750069ECF5 /* RezkaTVUITests */,
			);
		};
/* End PBXProject section */

/* Begin PBXResourcesBuildPhase section */
		04B3CA722BA06C9C0039F76E /* Resources */ = {
			isa = PBXResourcesBuildPhase;
			buildActionMask = 2147483647;
			files = (
			);
			runOnlyForDeploymentPostprocessing = 0;
		};
		B5DA44562E9D3B6E0069ECF5 /* Resources */ = {
			isa = PBXResourcesBuildPhase;
			buildActionMask = 2147483647;
			files = (
			);
			runOnlyForDeploymentPostprocessing = 0;
		};
		B5DA44642E9D3B750069ECF5 /* Resources */ = {
			isa = PBXResourcesBuildPhase;
			buildActionMask = 2147483647;
			files = (
			);
			runOnlyForDeploymentPostprocessing = 0;
		};
		B5DA446E2E9D3B750069ECF5 /* Resources */ = {
			isa = PBXResourcesBuildPhase;
			buildActionMask = 2147483647;
			files = (
			);
			runOnlyForDeploymentPostprocessing = 0;
		};
/* End PBXResourcesBuildPhase section */

/* Begin PBXShellScriptBuildPhase section */
		0420A1212BE3ECAC00975EC4 /* Run Script */ = {
			isa = PBXShellScriptBuildPhase;
			buildActionMask = 12;
			files = (
			);
			inputFileListPaths = (
			);
			inputPaths = (
				"${DWARF_DSYM_FOLDER_PATH}/${DWARF_DSYM_FILE_NAME}",
				"${DWARF_DSYM_FOLDER_PATH}/${DWARF_DSYM_FILE_NAME}/Contents/Resources/DWARF/${PRODUCT_NAME}",
				"${DWARF_DSYM_FOLDER_PATH}/${DWARF_DSYM_FILE_NAME}/Contents/Info.plist",
				"$(TARGET_BUILD_DIR)/$(UNLOCALIZED_RESOURCES_FOLDER_PATH)/GoogleService-Info.plist",
				"$(TARGET_BUILD_DIR)/$(EXECUTABLE_PATH)",
			);
			name = "Run Script";
			outputFileListPaths = (
			);
			outputPaths = (
			);
			runOnlyForDeploymentPostprocessing = 0;
			shellPath = /bin/sh;
			shellScript = "CRASHLYTICS_CMD=\"${BUILD_DIR%Build/*}/SourcePackages/checkouts/firebase-ios-sdk/Crashlytics/run\"\n\nif test -f \"$CRASHLYTICS_CMD\" 2>&1\nthen\n    \"$CRASHLYTICS_CMD\"\nelse\n    echo \"warning: Firebase not installed, download from https://github.com/firebase/firebase-ios-sdk\"\nfi\n";
		};
		DE40DA882DFB8C9000A2B190 /* ShellScript */ = {
			isa = PBXShellScriptBuildPhase;
			buildActionMask = 2147483647;
			files = (
			);
			inputFileListPaths = (
			);
			inputPaths = (
			);
			outputFileListPaths = (
			);
			outputPaths = (
			);
			runOnlyForDeploymentPostprocessing = 0;
			shellPath = /bin/sh;
			shellScript = "SWIFTFROMAT_CMD=\"${BUILD_DIR%Build/*}SourcePackages/checkouts/SwiftFormat/CommandLineTool/swiftformat\"\n\nif test -f \"$SWIFTFROMAT_CMD\" 2>&1\nthen\n    \"$SWIFTFROMAT_CMD\" --swiftversion 6.2 .\nelse\n    echo \"warning: SwiftFormat not installed, download from https://github.com/nicklockwood/SwiftFormat\"\nfi\n";
		};
/* End PBXShellScriptBuildPhase section */

/* Begin PBXSourcesBuildPhase section */
		04B3CA702BA06C9C0039F76E /* Sources */ = {
			isa = PBXSourcesBuildPhase;
			buildActionMask = 2147483647;
			files = (
			);
			runOnlyForDeploymentPostprocessing = 0;
		};
		B5DA44542E9D3B6E0069ECF5 /* Sources */ = {
			isa = PBXSourcesBuildPhase;
			buildActionMask = 2147483647;
			files = (
			);
			runOnlyForDeploymentPostprocessing = 0;
		};
		B5DA44622E9D3B750069ECF5 /* Sources */ = {
			isa = PBXSourcesBuildPhase;
			buildActionMask = 2147483647;
			files = (
			);
			runOnlyForDeploymentPostprocessing = 0;
		};
		B5DA446C2E9D3B750069ECF5 /* Sources */ = {
			isa = PBXSourcesBuildPhase;
			buildActionMask = 2147483647;
			files = (
			);
			runOnlyForDeploymentPostprocessing = 0;
		};
/* End PBXSourcesBuildPhase section */

/* Begin PBXTargetDependency section */
		B5DA44682E9D3B750069ECF5 /* PBXTargetDependency */ = {
			isa = PBXTargetDependency;
			target = B5DA44572E9D3B6E0069ECF5 /* RezkaTV */;
			targetProxy = B5DA44672E9D3B750069ECF5 /* PBXContainerItemProxy */;
		};
		B5DA44722E9D3B750069ECF5 /* PBXTargetDependency */ = {
			isa = PBXTargetDependency;
			target = B5DA44572E9D3B6E0069ECF5 /* RezkaTV */;
			targetProxy = B5DA44712E9D3B750069ECF5 /* PBXContainerItemProxy */;
		};
/* End PBXTargetDependency section */

/* Begin XCBuildConfiguration section */
		04B3CA832BA06C9D0039F76E /* Debug */ = {
			isa = XCBuildConfiguration;
			buildSettings = {
				ALWAYS_SEARCH_USER_PATHS = NO;
				ARCHS = "$(ARCHS_STANDARD)";
				ASSETCATALOG_COMPILER_GENERATE_SWIFT_ASSET_SYMBOL_EXTENSIONS = YES;
				ASSETCATALOG_COMPILER_OPTIMIZATION = time;
				CLANG_ANALYZER_LOCALIZABILITY_NONLOCALIZED = YES;
				CLANG_ANALYZER_NONNULL = YES;
				CLANG_ANALYZER_NUMBER_OBJECT_CONVERSION = YES_AGGRESSIVE;
				CLANG_CXX_LANGUAGE_STANDARD = "gnu++20";
				CLANG_ENABLE_MODULES = YES;
				CLANG_ENABLE_OBJC_ARC = YES;
				CLANG_ENABLE_OBJC_WEAK = YES;
				CLANG_WARN_BLOCK_CAPTURE_AUTORELEASING = YES;
				CLANG_WARN_BOOL_CONVERSION = YES;
				CLANG_WARN_COMMA = YES;
				CLANG_WARN_CONSTANT_CONVERSION = YES;
				CLANG_WARN_DEPRECATED_OBJC_IMPLEMENTATIONS = YES;
				CLANG_WARN_DIRECT_OBJC_ISA_USAGE = YES_ERROR;
				CLANG_WARN_DOCUMENTATION_COMMENTS = YES;
				CLANG_WARN_EMPTY_BODY = YES;
				CLANG_WARN_ENUM_CONVERSION = YES;
				CLANG_WARN_INFINITE_RECURSION = YES;
				CLANG_WARN_INT_CONVERSION = YES;
				CLANG_WARN_NON_LITERAL_NULL_CONVERSION = YES;
				CLANG_WARN_OBJC_IMPLICIT_RETAIN_SELF = YES;
				CLANG_WARN_OBJC_LITERAL_CONVERSION = YES;
				CLANG_WARN_OBJC_ROOT_CLASS = YES_ERROR;
				CLANG_WARN_QUOTED_INCLUDE_IN_FRAMEWORK_HEADER = YES;
				CLANG_WARN_RANGE_LOOP_ANALYSIS = YES;
				CLANG_WARN_STRICT_PROTOTYPES = YES;
				CLANG_WARN_SUSPICIOUS_MOVE = YES;
				CLANG_WARN_UNGUARDED_AVAILABILITY = YES_AGGRESSIVE;
				CLANG_WARN_UNREACHABLE_CODE = YES;
				CLANG_WARN__DUPLICATE_METHOD_MATCH = YES;
				COPY_PHASE_STRIP = NO;
				DEAD_CODE_STRIPPING = YES;
				DEBUG_INFORMATION_FORMAT = dwarf;
				ENABLE_STRICT_OBJC_MSGSEND = YES;
				ENABLE_TESTABILITY = YES;
				ENABLE_USER_SCRIPT_SANDBOXING = YES;
				GCC_C_LANGUAGE_STANDARD = gnu17;
				GCC_DYNAMIC_NO_PIC = NO;
				GCC_NO_COMMON_BLOCKS = YES;
				GCC_OPTIMIZATION_LEVEL = 0;
				GCC_PREPROCESSOR_DEFINITIONS = (
					"DEBUG=1",
					"$(inherited)",
				);
				GCC_WARN_64_TO_32_BIT_CONVERSION = YES;
				GCC_WARN_ABOUT_RETURN_TYPE = YES_ERROR;
				GCC_WARN_UNDECLARED_SELECTOR = YES;
				GCC_WARN_UNINITIALIZED_AUTOS = YES_AGGRESSIVE;
				GCC_WARN_UNUSED_FUNCTION = YES;
				GCC_WARN_UNUSED_VARIABLE = YES;
				LOCALIZATION_PREFERS_STRING_CATALOGS = YES;
				MACOSX_DEPLOYMENT_TARGET = 15.0;
				MTL_ENABLE_DEBUG_INFO = INCLUDE_SOURCE;
				MTL_FAST_MATH = YES;
				ONLY_ACTIVE_ARCH = YES;
				SDKROOT = "";
				STRING_CATALOG_GENERATE_SYMBOLS = YES;
				SUPPORTED_PLATFORMS = macosx;
				SWIFT_ACTIVE_COMPILATION_CONDITIONS = "DEBUG $(inherited)";
				SWIFT_EMIT_LOC_STRINGS = YES;
				SWIFT_OPTIMIZATION_LEVEL = "-Onone";
			};
			name = Debug;
		};
		04B3CA842BA06C9D0039F76E /* Release */ = {
			isa = XCBuildConfiguration;
			buildSettings = {
				ALWAYS_SEARCH_USER_PATHS = NO;
				ARCHS = "$(ARCHS_STANDARD)";
				ASSETCATALOG_COMPILER_GENERATE_SWIFT_ASSET_SYMBOL_EXTENSIONS = YES;
				ASSETCATALOG_COMPILER_OPTIMIZATION = time;
				CLANG_ANALYZER_LOCALIZABILITY_NONLOCALIZED = YES;
				CLANG_ANALYZER_NONNULL = YES;
				CLANG_ANALYZER_NUMBER_OBJECT_CONVERSION = YES_AGGRESSIVE;
				CLANG_CXX_LANGUAGE_STANDARD = "gnu++20";
				CLANG_ENABLE_MODULES = YES;
				CLANG_ENABLE_OBJC_ARC = YES;
				CLANG_ENABLE_OBJC_WEAK = YES;
				CLANG_WARN_BLOCK_CAPTURE_AUTORELEASING = YES;
				CLANG_WARN_BOOL_CONVERSION = YES;
				CLANG_WARN_COMMA = YES;
				CLANG_WARN_CONSTANT_CONVERSION = YES;
				CLANG_WARN_DEPRECATED_OBJC_IMPLEMENTATIONS = YES;
				CLANG_WARN_DIRECT_OBJC_ISA_USAGE = YES_ERROR;
				CLANG_WARN_DOCUMENTATION_COMMENTS = YES;
				CLANG_WARN_EMPTY_BODY = YES;
				CLANG_WARN_ENUM_CONVERSION = YES;
				CLANG_WARN_INFINITE_RECURSION = YES;
				CLANG_WARN_INT_CONVERSION = YES;
				CLANG_WARN_NON_LITERAL_NULL_CONVERSION = YES;
				CLANG_WARN_OBJC_IMPLICIT_RETAIN_SELF = YES;
				CLANG_WARN_OBJC_LITERAL_CONVERSION = YES;
				CLANG_WARN_OBJC_ROOT_CLASS = YES_ERROR;
				CLANG_WARN_QUOTED_INCLUDE_IN_FRAMEWORK_HEADER = YES;
				CLANG_WARN_RANGE_LOOP_ANALYSIS = YES;
				CLANG_WARN_STRICT_PROTOTYPES = YES;
				CLANG_WARN_SUSPICIOUS_MOVE = YES;
				CLANG_WARN_UNGUARDED_AVAILABILITY = YES_AGGRESSIVE;
				CLANG_WARN_UNREACHABLE_CODE = YES;
				CLANG_WARN__DUPLICATE_METHOD_MATCH = YES;
				COPY_PHASE_STRIP = NO;
				DEAD_CODE_STRIPPING = YES;
				DEBUG_INFORMATION_FORMAT = "dwarf-with-dsym";
				ENABLE_NS_ASSERTIONS = NO;
				ENABLE_STRICT_OBJC_MSGSEND = YES;
				ENABLE_USER_SCRIPT_SANDBOXING = YES;
				GCC_C_LANGUAGE_STANDARD = gnu17;
				GCC_NO_COMMON_BLOCKS = YES;
				GCC_OPTIMIZATION_LEVEL = 3;
				GCC_WARN_64_TO_32_BIT_CONVERSION = YES;
				GCC_WARN_ABOUT_RETURN_TYPE = YES_ERROR;
				GCC_WARN_UNDECLARED_SELECTOR = YES;
				GCC_WARN_UNINITIALIZED_AUTOS = YES_AGGRESSIVE;
				GCC_WARN_UNUSED_FUNCTION = YES;
				GCC_WARN_UNUSED_VARIABLE = YES;
				LOCALIZATION_PREFERS_STRING_CATALOGS = YES;
				MACOSX_DEPLOYMENT_TARGET = 15.0;
				MTL_ENABLE_DEBUG_INFO = NO;
				MTL_FAST_MATH = YES;
				ONLY_ACTIVE_ARCH = NO;
				SDKROOT = "";
				STRING_CATALOG_GENERATE_SYMBOLS = YES;
				SUPPORTED_PLATFORMS = macosx;
				SWIFT_COMPILATION_MODE = wholemodule;
				SWIFT_EMIT_LOC_STRINGS = YES;
			};
			name = Release;
		};
		04B3CA862BA06C9D0039F76E /* Debug */ = {
			isa = XCBuildConfiguration;
			buildSettings = {
				ASSETCATALOG_COMPILER_APPICON_NAME = HDrezka;
				ASSETCATALOG_COMPILER_GLOBAL_ACCENT_COLOR_NAME = AccentColor;
				ASSETCATALOG_COMPILER_INCLUDE_ALL_APPICON_ASSETS = NO;
				CLANG_USE_OPTIMIZATION_PROFILE = YES;
				CODE_SIGN_ENTITLEMENTS = "";
				"CODE_SIGN_ENTITLEMENTS[sdk=iphone*]" = HDrezka/iOS/Resources/HDrezka.entitlements;
				"CODE_SIGN_ENTITLEMENTS[sdk=macosx*]" = HDrezka/macOS/Resources/HDrezka.entitlements;
				CODE_SIGN_IDENTITY = "";
				"CODE_SIGN_IDENTITY[sdk=iphone*]" = "";
				"CODE_SIGN_IDENTITY[sdk=macosx*]" = "Apple Development";
				CODE_SIGN_STYLE = Automatic;
				COMBINE_HIDPI_IMAGES = YES;
				CURRENT_PROJECT_VERSION = 34;
				DEAD_CODE_STRIPPING = YES;
				DEBUG_INFORMATION_FORMAT = "dwarf-with-dsym";
				DEVELOPMENT_ASSET_PATHS = "";
				DEVELOPMENT_TEAM = RFVKD37M39;
				ENABLE_APP_SANDBOX = YES;
				ENABLE_FILE_ACCESS_DOWNLOADS_FOLDER = readwrite;
				ENABLE_INCOMING_NETWORK_CONNECTIONS = YES;
				ENABLE_OUTGOING_NETWORK_CONNECTIONS = YES;
				ENABLE_PREVIEWS = YES;
				ENABLE_RESOURCE_ACCESS_AUDIO_INPUT = NO;
				ENABLE_RESOURCE_ACCESS_BLUETOOTH = NO;
				ENABLE_RESOURCE_ACCESS_CALENDARS = NO;
				ENABLE_RESOURCE_ACCESS_CAMERA = NO;
				ENABLE_RESOURCE_ACCESS_CONTACTS = NO;
				ENABLE_RESOURCE_ACCESS_LOCATION = NO;
				ENABLE_RESOURCE_ACCESS_PRINTING = NO;
				ENABLE_RESOURCE_ACCESS_USB = NO;
				ENABLE_USER_SCRIPT_SANDBOXING = NO;
				GENERATE_INFOPLIST_FILE = YES;
				INFOPLIST_FILE = "";
				"INFOPLIST_FILE[sdk=iphone*]" = HDrezka/iOS/Resources/Info.plist;
				"INFOPLIST_FILE[sdk=macosx*]" = HDrezka/macOS/Resources/Info.plist;
				INFOPLIST_KEY_CFBundleDisplayName = HDrezka;
				INFOPLIST_KEY_LSApplicationCategoryType = "public.app-category.video";
				INFOPLIST_KEY_NSHumanReadableCopyright = "";
				"INFOPLIST_KEY_UIApplicationSceneManifest_Generation[sdk=iphone*]" = YES;
				INFOPLIST_KEY_UIApplicationSupportsIndirectInputEvents = NO;
				"INFOPLIST_KEY_UIApplicationSupportsIndirectInputEvents[sdk=iphone*]" = YES;
				"INFOPLIST_KEY_UILaunchScreen_Generation[sdk=iphone*]" = YES;
				"INFOPLIST_KEY_UILaunchStoryboardName[sdk=iphone*]" = "Launch Screen";
				INFOPLIST_KEY_UIStatusBarStyle = "";
				"INFOPLIST_KEY_UIStatusBarStyle[sdk=iphone*]" = UIStatusBarStyleDefault;
				INFOPLIST_KEY_UISupportedInterfaceOrientations = "UIInterfaceOrientationLandscapeLeft UIInterfaceOrientationLandscapeRight UIInterfaceOrientationPortrait";
				INFOPLIST_KEY_UISupportedInterfaceOrientations_iPad = "UIInterfaceOrientationLandscapeLeft UIInterfaceOrientationLandscapeRight UIInterfaceOrientationPortrait UIInterfaceOrientationPortraitUpsideDown";
				IPHONEOS_DEPLOYMENT_TARGET = 18.0;
				LD_RUNPATH_SEARCH_PATHS = "@executable_path/Frameworks";
				"LD_RUNPATH_SEARCH_PATHS[sdk=macosx*]" = "@executable_path/../Frameworks";
				MACOSX_DEPLOYMENT_TARGET = 15.0;
				MARKETING_VERSION = 1.0.33;
				OTHER_LDFLAGS = "-ObjC";
				PRODUCT_BUNDLE_IDENTIFIER = io.silentsea.hdrezka;
				PRODUCT_NAME = "$(TARGET_NAME)";
				SDKROOT = auto;
				SUPPORTED_PLATFORMS = "iphoneos iphonesimulator macosx";
				SUPPORTS_MACCATALYST = NO;
				SWIFT_EMIT_LOC_STRINGS = YES;
				SWIFT_VERSION = 5.0;
				TARGETED_DEVICE_FAMILY = 2;
			};
			name = Debug;
		};
		04B3CA872BA06C9D0039F76E /* Release */ = {
			isa = XCBuildConfiguration;
			buildSettings = {
				ASSETCATALOG_COMPILER_APPICON_NAME = HDrezka;
				ASSETCATALOG_COMPILER_GLOBAL_ACCENT_COLOR_NAME = AccentColor;
				ASSETCATALOG_COMPILER_INCLUDE_ALL_APPICON_ASSETS = NO;
				ASSETCATALOG_COMPILER_OPTIMIZATION = time;
				CLANG_USE_OPTIMIZATION_PROFILE = YES;
				CODE_SIGN_ENTITLEMENTS = "";
				"CODE_SIGN_ENTITLEMENTS[sdk=iphone*]" = HDrezka/iOS/Resources/HDrezka.entitlements;
				"CODE_SIGN_ENTITLEMENTS[sdk=macosx*]" = HDrezka/macOS/Resources/HDrezka.entitlements;
				CODE_SIGN_IDENTITY = "";
				"CODE_SIGN_IDENTITY[sdk=iphone*]" = "";
				"CODE_SIGN_IDENTITY[sdk=macosx*]" = "-";
				CODE_SIGN_STYLE = Automatic;
				COMBINE_HIDPI_IMAGES = YES;
				CURRENT_PROJECT_VERSION = 34;
				DEAD_CODE_STRIPPING = YES;
				DEVELOPMENT_ASSET_PATHS = "";
				DEVELOPMENT_TEAM = "";
				ENABLE_APP_SANDBOX = YES;
				ENABLE_FILE_ACCESS_DOWNLOADS_FOLDER = readwrite;
				ENABLE_INCOMING_NETWORK_CONNECTIONS = YES;
				ENABLE_OUTGOING_NETWORK_CONNECTIONS = YES;
				ENABLE_PREVIEWS = YES;
				ENABLE_RESOURCE_ACCESS_AUDIO_INPUT = NO;
				ENABLE_RESOURCE_ACCESS_BLUETOOTH = NO;
				ENABLE_RESOURCE_ACCESS_CALENDARS = NO;
				ENABLE_RESOURCE_ACCESS_CAMERA = NO;
				ENABLE_RESOURCE_ACCESS_CONTACTS = NO;
				ENABLE_RESOURCE_ACCESS_LOCATION = NO;
				ENABLE_RESOURCE_ACCESS_PRINTING = NO;
				ENABLE_RESOURCE_ACCESS_USB = NO;
				ENABLE_USER_SCRIPT_SANDBOXING = NO;
				GCC_OPTIMIZATION_LEVEL = 3;
				GENERATE_INFOPLIST_FILE = YES;
				INFOPLIST_FILE = "";
				"INFOPLIST_FILE[sdk=iphone*]" = HDrezka/iOS/Resources/Info.plist;
				"INFOPLIST_FILE[sdk=macosx*]" = HDrezka/macOS/Resources/Info.plist;
				INFOPLIST_KEY_CFBundleDisplayName = HDrezka;
				INFOPLIST_KEY_LSApplicationCategoryType = "public.app-category.video";
				INFOPLIST_KEY_NSHumanReadableCopyright = "";
				"INFOPLIST_KEY_UIApplicationSceneManifest_Generation[sdk=iphone*]" = YES;
				INFOPLIST_KEY_UIApplicationSupportsIndirectInputEvents = NO;
				"INFOPLIST_KEY_UIApplicationSupportsIndirectInputEvents[sdk=iphone*]" = YES;
				"INFOPLIST_KEY_UILaunchScreen_Generation[sdk=iphone*]" = YES;
				"INFOPLIST_KEY_UILaunchStoryboardName[sdk=iphone*]" = "Launch Screen";
				INFOPLIST_KEY_UIStatusBarStyle = "";
				"INFOPLIST_KEY_UIStatusBarStyle[sdk=iphone*]" = UIStatusBarStyleDefault;
				INFOPLIST_KEY_UISupportedInterfaceOrientations = "UIInterfaceOrientationLandscapeLeft UIInterfaceOrientationLandscapeRight UIInterfaceOrientationPortrait";
				INFOPLIST_KEY_UISupportedInterfaceOrientations_iPad = "UIInterfaceOrientationLandscapeLeft UIInterfaceOrientationLandscapeRight UIInterfaceOrientationPortrait UIInterfaceOrientationPortraitUpsideDown";
				IPHONEOS_DEPLOYMENT_TARGET = 18.0;
				LD_RUNPATH_SEARCH_PATHS = "@executable_path/Frameworks";
				"LD_RUNPATH_SEARCH_PATHS[sdk=macosx*]" = "@executable_path/../Frameworks";
				MACOSX_DEPLOYMENT_TARGET = 15.0;
				MARKETING_VERSION = 1.0.33;
				OTHER_LDFLAGS = "-ObjC";
				PRODUCT_BUNDLE_IDENTIFIER = io.silentsea.hdrezka;
				PRODUCT_NAME = "$(TARGET_NAME)";
				SDKROOT = auto;
				SUPPORTED_PLATFORMS = "iphoneos iphonesimulator macosx";
				SUPPORTS_MACCATALYST = NO;
				SWIFT_EMIT_LOC_STRINGS = YES;
				SWIFT_VERSION = 5.0;
				TARGETED_DEVICE_FAMILY = 2;
			};
			name = Release;
		};
		B5DA44792E9D3B750069ECF5 /* Debug */ = {
			isa = XCBuildConfiguration;
			buildSettings = {
				ASSETCATALOG_COMPILER_APPICON_NAME = "App Icon & Top Shelf Image";
				ASSETCATALOG_COMPILER_GLOBAL_ACCENT_COLOR_NAME = AccentColor;
				"CODE_SIGN_IDENTITY[sdk=appletvos*]" = "iPhone Distribution";
				CODE_SIGN_STYLE = Manual;
				CURRENT_PROJECT_VERSION = 11;
				DEVELOPMENT_TEAM = "";
				"DEVELOPMENT_TEAM[sdk=appletvos*]" = RFVKD37M39;
				ENABLE_PREVIEWS = YES;
				GENERATE_INFOPLIST_FILE = YES;
				INFOPLIST_FILE = "";
				INFOPLIST_KEY_CFBundleDisplayName = HDRezka;
				INFOPLIST_KEY_UILaunchScreen_Generation = YES;
				INFOPLIST_KEY_UIUserInterfaceStyle = Automatic;
				LD_RUNPATH_SEARCH_PATHS = (
					"$(inherited)",
					"@executable_path/Frameworks",
				);
				MARKETING_VERSION = 1.1;
				PRODUCT_BUNDLE_IDENTIFIER = net.petrovskyi.RezkaTV;
				PRODUCT_NAME = "$(TARGET_NAME)";
				PROVISIONING_PROFILE_SPECIFIER = "";
				"PROVISIONING_PROFILE_SPECIFIER[sdk=appletvos*]" = "RezkaTv AdHoc";
				SDKROOT = appletvos;
				STRING_CATALOG_GENERATE_SYMBOLS = YES;
				SUPPORTED_PLATFORMS = "appletvos appletvsimulator";
				SUPPORTS_MACCATALYST = NO;
				SWIFT_APPROACHABLE_CONCURRENCY = YES;
				SWIFT_DEFAULT_ACTOR_ISOLATION = MainActor;
				SWIFT_EMIT_LOC_STRINGS = YES;
				SWIFT_UPCOMING_FEATURE_MEMBER_IMPORT_VISIBILITY = YES;
				SWIFT_VERSION = 5.0;
				TARGETED_DEVICE_FAMILY = 3;
				TVOS_DEPLOYMENT_TARGET = 26.0;
			};
			name = Debug;
		};
		B5DA447A2E9D3B750069ECF5 /* Release */ = {
			isa = XCBuildConfiguration;
			buildSettings = {
				ASSETCATALOG_COMPILER_APPICON_NAME = "App Icon & Top Shelf Image";
				ASSETCATALOG_COMPILER_GLOBAL_ACCENT_COLOR_NAME = AccentColor;
				"CODE_SIGN_IDENTITY[sdk=appletvos*]" = "iPhone Distribution";
				CODE_SIGN_STYLE = Manual;
				CURRENT_PROJECT_VERSION = 11;
				DEVELOPMENT_TEAM = "";
				"DEVELOPMENT_TEAM[sdk=appletvos*]" = RFVKD37M39;
				ENABLE_PREVIEWS = YES;
				GENERATE_INFOPLIST_FILE = YES;
				INFOPLIST_FILE = "";
				INFOPLIST_KEY_CFBundleDisplayName = HDRezka;
				INFOPLIST_KEY_UILaunchScreen_Generation = YES;
				INFOPLIST_KEY_UIUserInterfaceStyle = Automatic;
				LD_RUNPATH_SEARCH_PATHS = (
					"$(inherited)",
					"@executable_path/Frameworks",
				);
				MARKETING_VERSION = 1.1;
				PRODUCT_BUNDLE_IDENTIFIER = net.petrovskyi.RezkaTV;
				PRODUCT_NAME = "$(TARGET_NAME)";
				PROVISIONING_PROFILE_SPECIFIER = "";
				"PROVISIONING_PROFILE_SPECIFIER[sdk=appletvos*]" = "RezkaTv AdHoc";
				SDKROOT = appletvos;
				STRING_CATALOG_GENERATE_SYMBOLS = YES;
				SUPPORTED_PLATFORMS = "appletvos appletvsimulator";
				SUPPORTS_MACCATALYST = NO;
				SWIFT_APPROACHABLE_CONCURRENCY = YES;
				SWIFT_DEFAULT_ACTOR_ISOLATION = MainActor;
				SWIFT_EMIT_LOC_STRINGS = YES;
				SWIFT_UPCOMING_FEATURE_MEMBER_IMPORT_VISIBILITY = YES;
				SWIFT_VERSION = 5.0;
				TARGETED_DEVICE_FAMILY = 3;
				TVOS_DEPLOYMENT_TARGET = 26.0;
				VALIDATE_PRODUCT = YES;
			};
			name = Release;
		};
		B5DA447C2E9D3B750069ECF5 /* Debug */ = {
			isa = XCBuildConfiguration;
			buildSettings = {
				BUNDLE_LOADER = "$(TEST_HOST)";
				CODE_SIGN_STYLE = Automatic;
				CURRENT_PROJECT_VERSION = 1;
				GENERATE_INFOPLIST_FILE = YES;
				MARKETING_VERSION = 1.0;
				PRODUCT_BUNDLE_IDENTIFIER = net.petrovskyi.RezkaTVTests;
				PRODUCT_NAME = "$(TARGET_NAME)";
				SDKROOT = appletvos;
				STRING_CATALOG_GENERATE_SYMBOLS = NO;
				SWIFT_APPROACHABLE_CONCURRENCY = YES;
				SWIFT_EMIT_LOC_STRINGS = NO;
				SWIFT_UPCOMING_FEATURE_MEMBER_IMPORT_VISIBILITY = YES;
				SWIFT_VERSION = 5.0;
				TARGETED_DEVICE_FAMILY = 3;
				TEST_HOST = "$(BUILT_PRODUCTS_DIR)/RezkaTV.app/$(BUNDLE_EXECUTABLE_FOLDER_PATH)/RezkaTV";
				TVOS_DEPLOYMENT_TARGET = 26.0;
			};
			name = Debug;
		};
		B5DA447D2E9D3B750069ECF5 /* Release */ = {
			isa = XCBuildConfiguration;
			buildSettings = {
				BUNDLE_LOADER = "$(TEST_HOST)";
				CODE_SIGN_STYLE = Automatic;
				CURRENT_PROJECT_VERSION = 1;
				GENERATE_INFOPLIST_FILE = YES;
				MARKETING_VERSION = 1.0;
				PRODUCT_BUNDLE_IDENTIFIER = net.petrovskyi.RezkaTVTests;
				PRODUCT_NAME = "$(TARGET_NAME)";
				SDKROOT = appletvos;
				STRING_CATALOG_GENERATE_SYMBOLS = NO;
				SWIFT_APPROACHABLE_CONCURRENCY = YES;
				SWIFT_EMIT_LOC_STRINGS = NO;
				SWIFT_UPCOMING_FEATURE_MEMBER_IMPORT_VISIBILITY = YES;
				SWIFT_VERSION = 5.0;
				TARGETED_DEVICE_FAMILY = 3;
				TEST_HOST = "$(BUILT_PRODUCTS_DIR)/RezkaTV.app/$(BUNDLE_EXECUTABLE_FOLDER_PATH)/RezkaTV";
				TVOS_DEPLOYMENT_TARGET = 26.0;
				VALIDATE_PRODUCT = YES;
			};
			name = Release;
		};
		B5DA447F2E9D3B750069ECF5 /* Debug */ = {
			isa = XCBuildConfiguration;
			buildSettings = {
				CODE_SIGN_STYLE = Automatic;
				CURRENT_PROJECT_VERSION = 1;
				GENERATE_INFOPLIST_FILE = YES;
				MARKETING_VERSION = 1.0;
				PRODUCT_BUNDLE_IDENTIFIER = net.petrovskyi.RezkaTVUITests;
				PRODUCT_NAME = "$(TARGET_NAME)";
				SDKROOT = appletvos;
				STRING_CATALOG_GENERATE_SYMBOLS = NO;
				SWIFT_APPROACHABLE_CONCURRENCY = YES;
				SWIFT_EMIT_LOC_STRINGS = NO;
				SWIFT_UPCOMING_FEATURE_MEMBER_IMPORT_VISIBILITY = YES;
				SWIFT_VERSION = 5.0;
				TARGETED_DEVICE_FAMILY = 3;
				TEST_TARGET_NAME = RezkaTV;
				TVOS_DEPLOYMENT_TARGET = 26.0;
			};
			name = Debug;
		};
		B5DA44802E9D3B750069ECF5 /* Release */ = {
			isa = XCBuildConfiguration;
			buildSettings = {
				CODE_SIGN_STYLE = Automatic;
				CURRENT_PROJECT_VERSION = 1;
				GENERATE_INFOPLIST_FILE = YES;
				MARKETING_VERSION = 1.0;
				PRODUCT_BUNDLE_IDENTIFIER = net.petrovskyi.RezkaTVUITests;
				PRODUCT_NAME = "$(TARGET_NAME)";
				SDKROOT = appletvos;
				STRING_CATALOG_GENERATE_SYMBOLS = NO;
				SWIFT_APPROACHABLE_CONCURRENCY = YES;
				SWIFT_EMIT_LOC_STRINGS = NO;
				SWIFT_UPCOMING_FEATURE_MEMBER_IMPORT_VISIBILITY = YES;
				SWIFT_VERSION = 5.0;
				TARGETED_DEVICE_FAMILY = 3;
				TEST_TARGET_NAME = RezkaTV;
				TVOS_DEPLOYMENT_TARGET = 26.0;
				VALIDATE_PRODUCT = YES;
			};
			name = Release;
		};
/* End XCBuildConfiguration section */

/* Begin XCConfigurationList section */
		04B3CA6F2BA06C9C0039F76E /* Build configuration list for PBXProject "HDrezka" */ = {
			isa = XCConfigurationList;
			buildConfigurations = (
				04B3CA832BA06C9D0039F76E /* Debug */,
				04B3CA842BA06C9D0039F76E /* Release */,
			);
			defaultConfigurationIsVisible = 0;
			defaultConfigurationName = Release;
		};
		04B3CA852BA06C9D0039F76E /* Build configuration list for PBXNativeTarget "HDrezka" */ = {
			isa = XCConfigurationList;
			buildConfigurations = (
				04B3CA862BA06C9D0039F76E /* Debug */,
				04B3CA872BA06C9D0039F76E /* Release */,
			);
			defaultConfigurationIsVisible = 0;
			defaultConfigurationName = Release;
		};
		B5DA44782E9D3B750069ECF5 /* Build configuration list for PBXNativeTarget "RezkaTV" */ = {
			isa = XCConfigurationList;
			buildConfigurations = (
				B5DA44792E9D3B750069ECF5 /* Debug */,
				B5DA447A2E9D3B750069ECF5 /* Release */,
			);
			defaultConfigurationIsVisible = 0;
			defaultConfigurationName = Release;
		};
		B5DA447B2E9D3B750069ECF5 /* Build configuration list for PBXNativeTarget "RezkaTVTests" */ = {
			isa = XCConfigurationList;
			buildConfigurations = (
				B5DA447C2E9D3B750069ECF5 /* Debug */,
				B5DA447D2E9D3B750069ECF5 /* Release */,
			);
			defaultConfigurationIsVisible = 0;
			defaultConfigurationName = Release;
		};
		B5DA447E2E9D3B750069ECF5 /* Build configuration list for PBXNativeTarget "RezkaTVUITests" */ = {
			isa = XCConfigurationList;
			buildConfigurations = (
				B5DA447F2E9D3B750069ECF5 /* Debug */,
				B5DA44802E9D3B750069ECF5 /* Release */,
			);
			defaultConfigurationIsVisible = 0;
			defaultConfigurationName = Release;
		};
/* End XCConfigurationList section */

/* Begin XCRemoteSwiftPackageReference section */
		043A2B702C036C7C0057721E /* XCRemoteSwiftPackageReference "swift-collections" */ = {
			isa = XCRemoteSwiftPackageReference;
			repositoryURL = "https://github.com/apple/swift-collections.git";
			requirement = {
				kind = versionRange;
				maximumVersion = 999.0.0;
				minimumVersion = 0.0.1;
			};
		};
		04B25FD62BA46F9C00200341 /* XCRemoteSwiftPackageReference "swift-algorithms" */ = {
			isa = XCRemoteSwiftPackageReference;
			repositoryURL = "https://github.com/apple/swift-algorithms.git";
			requirement = {
				kind = versionRange;
				maximumVersion = 999.0.0;
				minimumVersion = 0.0.1;
			};
		};
		04B3CA882BA06CAC0039F76E /* XCRemoteSwiftPackageReference "SwiftSoup" */ = {
			isa = XCRemoteSwiftPackageReference;
			repositoryURL = "https://github.com/scinfu/SwiftSoup.git";
			requirement = {
				kind = versionRange;
				maximumVersion = 999.0.0;
				minimumVersion = 0.0.1;
			};
		};
		04E5DC082C120C4200BF1B7A /* XCRemoteSwiftPackageReference "SwiftUI-Flow" */ = {
			isa = XCRemoteSwiftPackageReference;
			repositoryURL = "https://github.com/tevelee/SwiftUI-Flow.git";
			requirement = {
				kind = versionRange;
				maximumVersion = 999.0.0;
				minimumVersion = 0.0.1;
			};
		};
		04E9EB442C047F19001CBBCA /* XCRemoteSwiftPackageReference "YouTubePlayerKit" */ = {
			isa = XCRemoteSwiftPackageReference;
			repositoryURL = "https://github.com/SvenTiigi/YouTubePlayerKit.git";
			requirement = {
				kind = versionRange;
				maximumVersion = 999.0.0;
				minimumVersion = 0.0.1;
			};
		};
		DE188EE32CA6AB3100E7B1AE /* XCRemoteSwiftPackageReference "Pow" */ = {
			isa = XCRemoteSwiftPackageReference;
			repositoryURL = "https://github.com/EmergeTools/Pow.git";
			requirement = {
				kind = versionRange;
				maximumVersion = 999.0.0;
				minimumVersion = 0.0.1;
			};
		};
		DE3DCCE42DFB92050062CF81 /* XCRemoteSwiftPackageReference "SwiftFormat" */ = {
			isa = XCRemoteSwiftPackageReference;
			repositoryURL = "https://github.com/nicklockwood/SwiftFormat.git";
			requirement = {
				kind = versionRange;
				maximumVersion = 999.0.0;
				minimumVersion = 0.0.0;
			};
		};
		DE3EF0372CFF04CA0022C311 /* XCRemoteSwiftPackageReference "Alamofire" */ = {
			isa = XCRemoteSwiftPackageReference;
			repositoryURL = "https://github.com/Alamofire/Alamofire.git";
			requirement = {
				kind = versionRange;
				maximumVersion = 999.0.0;
				minimumVersion = 0.0.1;
			};
		};
		DE4AD63C2EAA4A7200CE7AB3 /* XCRemoteSwiftPackageReference "Kingfisher" */ = {
			isa = XCRemoteSwiftPackageReference;
			repositoryURL = "https://github.com/onevcat/Kingfisher.git";
			requirement = {
				kind = versionRange;
				maximumVersion = 999.0.0;
				minimumVersion = 0.0.1;
			};
		};
		DE7608D82EB4231600C4A23E /* XCRemoteSwiftPackageReference "LRUCache" */ = {
			isa = XCRemoteSwiftPackageReference;
			repositoryURL = "https://github.com/nicklockwood/LRUCache.git";
			requirement = {
				kind = versionRange;
				maximumVersion = 999.0.0;
				minimumVersion = 0.0.1;
			};
		};
		DEB035B32C89E1DB004ABFA1 /* XCRemoteSwiftPackageReference "firebase-ios-sdk" */ = {
			isa = XCRemoteSwiftPackageReference;
			repositoryURL = "https://github.com/firebase/firebase-ios-sdk.git";
			requirement = {
				kind = versionRange;
				maximumVersion = 999.0.0;
				minimumVersion = 0.0.1;
			};
		};
		DEB035B82C89E57A004ABFA1 /* XCRemoteSwiftPackageReference "Defaults" */ = {
			isa = XCRemoteSwiftPackageReference;
			repositoryURL = "https://github.com/sindresorhus/Defaults.git";
			requirement = {
				kind = versionRange;
				maximumVersion = 999.0.0;
				minimumVersion = 0.0.1;
			};
		};
		DEE64D092C8869D0002C2F2F /* XCRemoteSwiftPackageReference "Sparkle" */ = {
			isa = XCRemoteSwiftPackageReference;
			repositoryURL = "https://github.com/sparkle-project/Sparkle.git";
			requirement = {
				kind = versionRange;
				maximumVersion = 999.0.0;
				minimumVersion = 0.0.1;
			};
		};
		DEF920362DD5CAF20087C32C /* XCRemoteSwiftPackageReference "Factory" */ = {
			isa = XCRemoteSwiftPackageReference;
			repositoryURL = "https://github.com/hmlongco/Factory.git";
			requirement = {
				kind = versionRange;
				maximumVersion = 999.0.0;
				minimumVersion = 0.0.1;
			};
		};
/* End XCRemoteSwiftPackageReference section */

/* Begin XCSwiftPackageProductDependency section */
		043A2B712C036C7C0057721E /* OrderedCollections */ = {
			isa = XCSwiftPackageProductDependency;
			package = 043A2B702C036C7C0057721E /* XCRemoteSwiftPackageReference "swift-collections" */;
			productName = OrderedCollections;
		};
		04B25FD72BA46F9C00200341 /* Algorithms */ = {
			isa = XCSwiftPackageProductDependency;
			package = 04B25FD62BA46F9C00200341 /* XCRemoteSwiftPackageReference "swift-algorithms" */;
			productName = Algorithms;
		};
		04B3CA892BA06CAC0039F76E /* SwiftSoup */ = {
			isa = XCSwiftPackageProductDependency;
			package = 04B3CA882BA06CAC0039F76E /* XCRemoteSwiftPackageReference "SwiftSoup" */;
			productName = SwiftSoup;
		};
		04E5DC092C120C4200BF1B7A /* Flow */ = {
			isa = XCSwiftPackageProductDependency;
			package = 04E5DC082C120C4200BF1B7A /* XCRemoteSwiftPackageReference "SwiftUI-Flow" */;
			productName = Flow;
		};
		04E9EB452C047F19001CBBCA /* YouTubePlayerKit */ = {
			isa = XCSwiftPackageProductDependency;
			package = 04E9EB442C047F19001CBBCA /* XCRemoteSwiftPackageReference "YouTubePlayerKit" */;
			productName = YouTubePlayerKit;
		};
		B53391552F13C98200DB2229 /* LRUCache */ = {
			isa = XCSwiftPackageProductDependency;
			package = DE7608D82EB4231600C4A23E /* XCRemoteSwiftPackageReference "LRUCache" */;
			productName = LRUCache;
		};
		B533915B2F13C9F800DB2229 /* Pow */ = {
			isa = XCSwiftPackageProductDependency;
			package = DE188EE32CA6AB3100E7B1AE /* XCRemoteSwiftPackageReference "Pow" */;
			productName = Pow;
		};
		B533915D2F13C9FE00DB2229 /* Flow */ = {
			isa = XCSwiftPackageProductDependency;
			package = 04E5DC082C120C4200BF1B7A /* XCRemoteSwiftPackageReference "SwiftUI-Flow" */;
			productName = Flow;
		};
		B5DA45352E9D3E7F0069ECF5 /* Alamofire */ = {
			isa = XCSwiftPackageProductDependency;
			package = DE3EF0372CFF04CA0022C311 /* XCRemoteSwiftPackageReference "Alamofire" */;
			productName = Alamofire;
		};
		B5DA45372E9D3E8F0069ECF5 /* Defaults */ = {
			isa = XCSwiftPackageProductDependency;
			package = DEB035B82C89E57A004ABFA1 /* XCRemoteSwiftPackageReference "Defaults" */;
			productName = Defaults;
		};
		B5DA45392E9D3E9B0069ECF5 /* FactoryKit */ = {
			isa = XCSwiftPackageProductDependency;
			package = DEF920362DD5CAF20087C32C /* XCRemoteSwiftPackageReference "Factory" */;
			productName = FactoryKit;
		};
		B5DA453F2E9D3EB90069ECF5 /* OrderedCollections */ = {
			isa = XCSwiftPackageProductDependency;
			package = 043A2B702C036C7C0057721E /* XCRemoteSwiftPackageReference "swift-collections" */;
			productName = OrderedCollections;
		};
		B5DA45412E9D3EB90069ECF5 /* Kingfisher */ = {
			isa = XCSwiftPackageProductDependency;
			package = DE4AD63C2EAA4A7200CE7AB3 /* XCRemoteSwiftPackageReference "Kingfisher" */;
			productName = Kingfisher;
		};
		B5DA45432E9D3ECE0069ECF5 /* SwiftSoup */ = {
			isa = XCSwiftPackageProductDependency;
			package = 04B3CA882BA06CAC0039F76E /* XCRemoteSwiftPackageReference "SwiftSoup" */;
			productName = SwiftSoup;
		};
		DE188EE42CA6AB3100E7B1AE /* Pow */ = {
			isa = XCSwiftPackageProductDependency;
			package = DE188EE32CA6AB3100E7B1AE /* XCRemoteSwiftPackageReference "Pow" */;
			productName = Pow;
		};
		DE2D67372DC3D5E900A9187C /* LicensesList */ = {
			isa = XCSwiftPackageProductDependency;
			productName = LicensesList;
		};
		DE3DCCE52DFB92050062CF81 /* SwiftFormat */ = {
			isa = XCSwiftPackageProductDependency;
			package = DE3DCCE42DFB92050062CF81 /* XCRemoteSwiftPackageReference "SwiftFormat" */;
			productName = SwiftFormat;
		};
		DE3EF0382CFF04CA0022C311 /* Alamofire */ = {
			isa = XCSwiftPackageProductDependency;
			package = DE3EF0372CFF04CA0022C311 /* XCRemoteSwiftPackageReference "Alamofire" */;
			productName = Alamofire;
		};
		DE4AD63D2EAA4A7200CE7AB3 /* Kingfisher */ = {
			isa = XCSwiftPackageProductDependency;
			package = DE4AD63C2EAA4A7200CE7AB3 /* XCRemoteSwiftPackageReference "Kingfisher" */;
			productName = Kingfisher;
		};
		DE7608D92EB4231600C4A23E /* LRUCache */ = {
			isa = XCSwiftPackageProductDependency;
			package = DE7608D82EB4231600C4A23E /* XCRemoteSwiftPackageReference "LRUCache" */;
			productName = LRUCache;
		};
		DEB035B42C89E1DB004ABFA1 /* FirebaseAnalytics */ = {
			isa = XCSwiftPackageProductDependency;
			package = DEB035B32C89E1DB004ABFA1 /* XCRemoteSwiftPackageReference "firebase-ios-sdk" */;
			productName = FirebaseAnalytics;
		};
		DEB035B62C89E1DB004ABFA1 /* FirebaseCrashlytics */ = {
			isa = XCSwiftPackageProductDependency;
			package = DEB035B32C89E1DB004ABFA1 /* XCRemoteSwiftPackageReference "firebase-ios-sdk" */;
			productName = FirebaseCrashlytics;
		};
		DEB035B92C89E57A004ABFA1 /* Defaults */ = {
			isa = XCSwiftPackageProductDependency;
			package = DEB035B82C89E57A004ABFA1 /* XCRemoteSwiftPackageReference "Defaults" */;
			productName = Defaults;
		};
		DEE64D0A2C8869D0002C2F2F /* Sparkle */ = {
			isa = XCSwiftPackageProductDependency;
			package = DEE64D092C8869D0002C2F2F /* XCRemoteSwiftPackageReference "Sparkle" */;
			productName = Sparkle;
		};
		DEF920372DD5CAF20087C32C /* FactoryKit */ = {
			isa = XCSwiftPackageProductDependency;
			package = DEF920362DD5CAF20087C32C /* XCRemoteSwiftPackageReference "Factory" */;
			productName = FactoryKit;
		};
/* End XCSwiftPackageProductDependency section */
	};
	rootObject = 04B3CA6C2BA06C9C0039F76E /* Project object */;
}
